
Microsoft Visual Studio Solution File, Format Version 12.00
# Visual Studio Version 16
VisualStudioVersion = 16.0.30711.63
MinimumVisualStudioVersion = 10.0.40219.1
Project("{9A19103F-16F7-4668-BE54-9A1E7A4F7556}") = "Ül5", "Ül5\Ül5.csproj", "{6BDF7EB0-358E-488F-BEC3-B2A2352BBE0C}"
EndProject
Project("{FAE04EC0-301F-11D3-BF4B-00C04F79EFBC}") = "Tests", "Tests\Tests.csproj", "{BC95E232-1A9B-42AE-9E81-D73C020ADDBE}"
EndProject
Global
	GlobalSection(SolutionConfigurationPlatforms) = preSolution
		Debug|Any CPU = Debug|Any CPU
		Release|Any CPU = Release|Any CPU
	EndGlobalSection
	GlobalSection(ProjectConfigurationPlatforms) = postSolution
		{6BDF7EB0-358E-488F-BEC3-B2A2352BBE0C}.Debug|Any CPU.ActiveCfg = Debug|Any CPU
		{6BDF7EB0-358E-488F-BEC3-B2A2352BBE0C}.Debug|Any CPU.Build.0 = Debug|Any CPU
		{6BDF7EB0-358E-488F-BEC3-B2A2352BBE0C}.Release|Any CPU.ActiveCfg = Release|Any CPU
		{6BDF7EB0-358E-488F-BEC3-B2A2352BBE0C}.Release|Any CPU.Build.0 = Release|Any CPU
		{BC95E232-1A9B-42AE-9E81-D73C020ADDBE}.Debug|Any CPU.ActiveCfg = Debug|Any CPU
		{BC95E232-1A9B-42AE-9E81-D73C020ADDBE}.Debug|Any CPU.Build.0 = Debug|Any CPU
		{BC95E232-1A9B-42AE-9E81-D73C020ADDBE}.Release|Any CPU.ActiveCfg = Release|Any CPU
		{BC95E232-1A9B-42AE-9E81-D73C020ADDBE}.Release|Any CPU.Build.0 = Release|Any CPU
	EndGlobalSection
	GlobalSection(SolutionProperties) = preSolution
		HideSolutionNode = FALSE
	EndGlobalSection
	GlobalSection(ExtensibilityGlobals) = postSolution
		SolutionGuid = {CC04A366-098F-4A47-ABAF-7F486D6F5E63}
	EndGlobalSection
EndGlobal
